%{"bunt": {:hex, :bunt, "0.1.4"},
  "comeonin": {:hex, :comeonin, "2.0.1"},
  "credo": {:hex, :credo, "0.1.10"},
  "decimal": {:hex, :decimal, "1.1.1"},
  "ecto": {:hex, :ecto, "2.0.0-rc.0"},
  "fs": {:hex, :fs, "0.9.2"},
  "mix_test_watch": {:hex, :mix_test_watch, "0.2.5"},
  "poolboy": {:hex, :poolboy, "1.5.1"}}
